
Microsoft Visual Studio Solution File, Format Version 12.00
# Visual Studio Version 17
VisualStudioVersion = 17.9.34902.65
MinimumVisualStudioVersion = 10.0.40219.1
Project("{FAE04EC0-301F-11D3-BF4B-00C04F79EFBC}") = "SpendSmart", "SpendSmart.csproj", "{651B8E58-761C-419B-A2C5-A80CE6C7A8E5}"
EndProject
Global
	GlobalSection(SolutionConfigurationPlatforms) = preSolution
		Debug|Any CPU = Debug|Any CPU
		Release|Any CPU = Release|Any CPU
	EndGlobalSection
	GlobalSection(ProjectConfigurationPlatforms) = postSolution
		{651B8E58-761C-419B-A2C5-A80CE6C7A8E5}.Debug|Any CPU.ActiveCfg = Debug|Any CPU
		{651B8E58-761C-419B-A2C5-A80CE6C7A8E5}.Debug|Any CPU.Build.0 = Debug|Any CPU
		{651B8E58-761C-419B-A2C5-A80CE6C7A8E5}.Release|Any CPU.ActiveCfg = Release|Any CPU
		{651B8E58-761C-419B-A2C5-A80CE6C7A8E5}.Release|Any CPU.Build.0 = Release|Any CPU
	EndGlobalSection
	GlobalSection(SolutionProperties) = preSolution
		HideSolutionNode = FALSE
	EndGlobalSection
	GlobalSection(ExtensibilityGlobals) = postSolution
		SolutionGuid = {7CD6CCE7-87D5-433E-A4A6-65A2F4CFDEB1}
	EndGlobalSection
EndGlobal
